{
  "name": "PassMyBook",
  "lockfileVersion": 2,
  "requires": true,
  "packages": {
    "": {
      "dependencies": {
        "@auth0/auth0-spa-js": "^2.0.8"
      }
    },
    "node_modules/@auth0/auth0-spa-js": {
      "version": "2.0.8",
      "resolved": "https://registry.npmjs.org/@auth0/auth0-spa-js/-/auth0-spa-js-2.0.8.tgz",
      "integrity": "sha512-qCgWZS58S69WCg2ybd+SDiaw3ahBVJ4/tSFWMtIpc//Fq8kRHGwMOmgpNKVAFrpHG0ck2oWFGrpylxoto8Z0mA=="
    }
  },
  "dependencies": {
    "@auth0/auth0-spa-js": {
      "version": "2.0.8",
      "resolved": "https://registry.npmjs.org/@auth0/auth0-spa-js/-/auth0-spa-js-2.0.8.tgz",
      "integrity": "sha512-qCgWZS58S69WCg2ybd+SDiaw3ahBVJ4/tSFWMtIpc//Fq8kRHGwMOmgpNKVAFrpHG0ck2oWFGrpylxoto8Z0mA=="
    }
  }
}
